
Microsoft Visual Studio Solution File, Format Version 12.00
# Visual Studio Version 16
VisualStudioVersion = 16.0.30114.105
MinimumVisualStudioVersion = 10.0.40219.1
Project("{FAE04EC0-301F-11D3-BF4B-00C04F79EFBC}") = "InteractiveTextbook", "InteractiveTextbook\InteractiveTextbook.csproj", "{9CAE149E-59AA-4ECF-A5D6-A6C669D4DD95}"
EndProject
Global
	GlobalSection(SolutionConfigurationPlatforms) = preSolution
		Debug|Any CPU = Debug|Any CPU
		Release|Any CPU = Release|Any CPU
	EndGlobalSection
	GlobalSection(ProjectConfigurationPlatforms) = postSolution
		{9CAE149E-59AA-4ECF-A5D6-A6C669D4DD95}.Debug|Any CPU.ActiveCfg = Debug|Any CPU
		{9CAE149E-59AA-4ECF-A5D6-A6C669D4DD95}.Debug|Any CPU.Build.0 = Debug|Any CPU
		{9CAE149E-59AA-4ECF-A5D6-A6C669D4DD95}.Release|Any CPU.ActiveCfg = Release|Any CPU
		{9CAE149E-59AA-4ECF-A5D6-A6C669D4DD95}.Release|Any CPU.Build.0 = Release|Any CPU
	EndGlobalSection
	GlobalSection(SolutionProperties) = preSolution
		HideSolutionNode = FALSE
	EndGlobalSection
	GlobalSection(ExtensibilityGlobals) = postSolution
		SolutionGuid = {C8282B01-0091-4653-B717-359F283082B1}
	EndGlobalSection
EndGlobal
